
Microsoft Visual Studio Solution File, Format Version 12.00
# Visual Studio Version 16
VisualStudioVersion = 16.0.32929.386
MinimumVisualStudioVersion = 10.0.40219.1
Project("{FAE04EC0-301F-11D3-BF4B-00C04F79EFBC}") = "opakovani motol", "opakovani motol\opakovani motol.csproj", "{B21E039F-D4CF-41C1-8BF2-36CBD12E5179}"
EndProject
Global
	GlobalSection(SolutionConfigurationPlatforms) = preSolution
		Debug|Any CPU = Debug|Any CPU
		Release|Any CPU = Release|Any CPU
	EndGlobalSection
	GlobalSection(ProjectConfigurationPlatforms) = postSolution
		{B21E039F-D4CF-41C1-8BF2-36CBD12E5179}.Debug|Any CPU.ActiveCfg = Debug|Any CPU
		{B21E039F-D4CF-41C1-8BF2-36CBD12E5179}.Debug|Any CPU.Build.0 = Debug|Any CPU
		{B21E039F-D4CF-41C1-8BF2-36CBD12E5179}.Release|Any CPU.ActiveCfg = Release|Any CPU
		{B21E039F-D4CF-41C1-8BF2-36CBD12E5179}.Release|Any CPU.Build.0 = Release|Any CPU
	EndGlobalSection
	GlobalSection(SolutionProperties) = preSolution
		HideSolutionNode = FALSE
	EndGlobalSection
	GlobalSection(ExtensibilityGlobals) = postSolution
		SolutionGuid = {4AA54175-92FB-4520-90CD-F1CF56CCF70E}
	EndGlobalSection
EndGlobal
